
Microsoft Visual Studio Solution File, Format Version 12.00
# Visual Studio Version 16
VisualStudioVersion = 16.0.32126.315
MinimumVisualStudioVersion = 10.0.40219.1
Project("{FAE04EC0-301F-11D3-BF4B-00C04F79EFBC}") = "bidbwiki_local", "bidbwiki_local\bidbwiki_local.csproj", "{C30AA66F-E9A9-4A81-9641-6510472A207B}"
EndProject
Global
	GlobalSection(SolutionConfigurationPlatforms) = preSolution
		Debug|Any CPU = Debug|Any CPU
		Release|Any CPU = Release|Any CPU
	EndGlobalSection
	GlobalSection(ProjectConfigurationPlatforms) = postSolution
		{C30AA66F-E9A9-4A81-9641-6510472A207B}.Debug|Any CPU.ActiveCfg = Debug|Any CPU
		{C30AA66F-E9A9-4A81-9641-6510472A207B}.Debug|Any CPU.Build.0 = Debug|Any CPU
		{C30AA66F-E9A9-4A81-9641-6510472A207B}.Release|Any CPU.ActiveCfg = Release|Any CPU
		{C30AA66F-E9A9-4A81-9641-6510472A207B}.Release|Any CPU.Build.0 = Release|Any CPU
	EndGlobalSection
	GlobalSection(SolutionProperties) = preSolution
		HideSolutionNode = FALSE
	EndGlobalSection
	GlobalSection(ExtensibilityGlobals) = postSolution
		SolutionGuid = {8A6419D8-1953-46DB-8A1D-F9F641A96417}
	EndGlobalSection
EndGlobal
